
Microsoft Visual Studio Solution File, Format Version 12.00
# Visual Studio Version 16
VisualStudioVersion = 16.0.33927.289
MinimumVisualStudioVersion = 10.0.40219.1
Project("{2150E333-8FDC-42A3-9474-1A3956D46DE8}") = "Services", "Services", "{1D2009C1-552E-4DFF-A1DE-B5F9C2F35617}"
EndProject
Project("{2150E333-8FDC-42A3-9474-1A3956D46DE8}") = "Catalog", "Catalog", "{C31D0A64-7918-4F18-8462-67CCF134E618}"
EndProject
Project("{9A19103F-16F7-4668-BE54-9A1E7A4F7556}") = "Catalog.API", "Services\Catalog\Catalog.API\Catalog.API.csproj", "{7A7864B1-45C6-4A29-800F-068E8CC5CE00}"
EndProject
Project("{E53339B2-1760-4266-BCC7-CA923CBCF16C}") = "docker-compose", "docker-compose.dcproj", "{E9D2200A-4059-4723-897F-DF19BCFF3871}"
EndProject
Project("{2150E333-8FDC-42A3-9474-1A3956D46DE8}") = "Basket", "Basket", "{711A7743-2725-4CB2-986F-019337390EFE}"
EndProject
Project("{9A19103F-16F7-4668-BE54-9A1E7A4F7556}") = "Basket.API", "Services\Basket\Basket.API\Basket.API.csproj", "{67685121-9310-4DF5-9100-217C565FDD34}"
EndProject
Project("{2150E333-8FDC-42A3-9474-1A3956D46DE8}") = "Discount", "Discount", "{808C93B0-FEDF-41D8-B0F1-DB728321C3AE}"
EndProject
Project("{9A19103F-16F7-4668-BE54-9A1E7A4F7556}") = "Discount.API", "Services\Discount\Discount.API\Discount.API.csproj", "{4FA3949F-5216-4B4B-99DF-4DB54C09F83A}"
EndProject
Project("{9A19103F-16F7-4668-BE54-9A1E7A4F7556}") = "Discount.Grpc", "Services\Discount\Discount.Grpc\Discount.Grpc.csproj", "{12D02015-9617-4D2B-AE5C-79956B513B32}"
EndProject
Project("{2150E333-8FDC-42A3-9474-1A3956D46DE8}") = "Ordering", "Ordering", "{7E35BB44-8901-4265-A678-2AE195525076}"
EndProject
Project("{9A19103F-16F7-4668-BE54-9A1E7A4F7556}") = "Ordering.API", "Services\Ordering\Ordering.API\Ordering.API.csproj", "{04D939E7-1F61-43B7-B8AE-0BBBB8A49423}"
EndProject
Project("{9A19103F-16F7-4668-BE54-9A1E7A4F7556}") = "Ordering.Domain", "Services\Ordering\Ordering.Domain\Ordering.Domain.csproj", "{CC531E84-38C3-40EC-8349-A86F0AF430B5}"
EndProject
Project("{9A19103F-16F7-4668-BE54-9A1E7A4F7556}") = "Ordering.Application", "Services\Ordering\Ordering.Application\Ordering.Application.csproj", "{8B428812-1823-45FD-A772-B42907907183}"
EndProject
Project("{2150E333-8FDC-42A3-9474-1A3956D46DE8}") = "BuildingBlocks", "BuildingBlocks", "{85D4D8F6-9D79-49EE-92FA-5DB9E0A20EE9}"
EndProject
Project("{9A19103F-16F7-4668-BE54-9A1E7A4F7556}") = "EventBus.Messages", "BuildingBlocks\EventBus.Messages\EventBus.Messages.csproj", "{DE4F8CEB-C65D-409F-87CB-D633ABE51C48}"
EndProject
Project("{9A19103F-16F7-4668-BE54-9A1E7A4F7556}") = "Ordering.Infrastructure", "Services\Ordering\Ordering.Infrastructure\Ordering.Infrastructure.csproj", "{082DD86B-FAFE-416C-ACF2-44F30618617A}"
EndProject
Project("{2150E333-8FDC-42A3-9474-1A3956D46DE8}") = "ApiGateways", "ApiGateways", "{CBEA767B-085B-4237-8CBA-F89521ADA750}"
EndProject
Project("{FAE04EC0-301F-11D3-BF4B-00C04F79EFBC}") = "OcelotApiGw", "ApiGateways\OcelotApiGw\OcelotApiGw.csproj", "{C82E0F25-C05B-4F8E-B0E3-BDF58C8831B7}"
EndProject
Global
	GlobalSection(SolutionConfigurationPlatforms) = preSolution
		Debug|Any CPU = Debug|Any CPU
		Release|Any CPU = Release|Any CPU
	EndGlobalSection
	GlobalSection(ProjectConfigurationPlatforms) = postSolution
		{7A7864B1-45C6-4A29-800F-068E8CC5CE00}.Debug|Any CPU.ActiveCfg = Debug|Any CPU
		{7A7864B1-45C6-4A29-800F-068E8CC5CE00}.Debug|Any CPU.Build.0 = Debug|Any CPU
		{7A7864B1-45C6-4A29-800F-068E8CC5CE00}.Release|Any CPU.ActiveCfg = Release|Any CPU
		{7A7864B1-45C6-4A29-800F-068E8CC5CE00}.Release|Any CPU.Build.0 = Release|Any CPU
		{E9D2200A-4059-4723-897F-DF19BCFF3871}.Debug|Any CPU.ActiveCfg = Debug|Any CPU
		{E9D2200A-4059-4723-897F-DF19BCFF3871}.Debug|Any CPU.Build.0 = Debug|Any CPU
		{E9D2200A-4059-4723-897F-DF19BCFF3871}.Release|Any CPU.ActiveCfg = Release|Any CPU
		{E9D2200A-4059-4723-897F-DF19BCFF3871}.Release|Any CPU.Build.0 = Release|Any CPU
		{67685121-9310-4DF5-9100-217C565FDD34}.Debug|Any CPU.ActiveCfg = Debug|Any CPU
		{67685121-9310-4DF5-9100-217C565FDD34}.Debug|Any CPU.Build.0 = Debug|Any CPU
		{67685121-9310-4DF5-9100-217C565FDD34}.Release|Any CPU.ActiveCfg = Release|Any CPU
		{67685121-9310-4DF5-9100-217C565FDD34}.Release|Any CPU.Build.0 = Release|Any CPU
		{4FA3949F-5216-4B4B-99DF-4DB54C09F83A}.Debug|Any CPU.ActiveCfg = Debug|Any CPU
		{4FA3949F-5216-4B4B-99DF-4DB54C09F83A}.Debug|Any CPU.Build.0 = Debug|Any CPU
		{4FA3949F-5216-4B4B-99DF-4DB54C09F83A}.Release|Any CPU.ActiveCfg = Release|Any CPU
		{4FA3949F-5216-4B4B-99DF-4DB54C09F83A}.Release|Any CPU.Build.0 = Release|Any CPU
		{12D02015-9617-4D2B-AE5C-79956B513B32}.Debug|Any CPU.ActiveCfg = Debug|Any CPU
		{12D02015-9617-4D2B-AE5C-79956B513B32}.Debug|Any CPU.Build.0 = Debug|Any CPU
		{12D02015-9617-4D2B-AE5C-79956B513B32}.Release|Any CPU.ActiveCfg = Release|Any CPU
		{12D02015-9617-4D2B-AE5C-79956B513B32}.Release|Any CPU.Build.0 = Release|Any CPU
		{04D939E7-1F61-43B7-B8AE-0BBBB8A49423}.Debug|Any CPU.ActiveCfg = Debug|Any CPU
		{04D939E7-1F61-43B7-B8AE-0BBBB8A49423}.Debug|Any CPU.Build.0 = Debug|Any CPU
		{04D939E7-1F61-43B7-B8AE-0BBBB8A49423}.Release|Any CPU.ActiveCfg = Release|Any CPU
		{04D939E7-1F61-43B7-B8AE-0BBBB8A49423}.Release|Any CPU.Build.0 = Release|Any CPU
		{CC531E84-38C3-40EC-8349-A86F0AF430B5}.Debug|Any CPU.ActiveCfg = Debug|Any CPU
		{CC531E84-38C3-40EC-8349-A86F0AF430B5}.Debug|Any CPU.Build.0 = Debug|Any CPU
		{CC531E84-38C3-40EC-8349-A86F0AF430B5}.Release|Any CPU.ActiveCfg = Release|Any CPU
		{CC531E84-38C3-40EC-8349-A86F0AF430B5}.Release|Any CPU.Build.0 = Release|Any CPU
		{8B428812-1823-45FD-A772-B42907907183}.Debug|Any CPU.ActiveCfg = Debug|Any CPU
		{8B428812-1823-45FD-A772-B42907907183}.Debug|Any CPU.Build.0 = Debug|Any CPU
		{8B428812-1823-45FD-A772-B42907907183}.Release|Any CPU.ActiveCfg = Release|Any CPU
		{8B428812-1823-45FD-A772-B42907907183}.Release|Any CPU.Build.0 = Release|Any CPU
		{DE4F8CEB-C65D-409F-87CB-D633ABE51C48}.Debug|Any CPU.ActiveCfg = Debug|Any CPU
		{DE4F8CEB-C65D-409F-87CB-D633ABE51C48}.Debug|Any CPU.Build.0 = Debug|Any CPU
		{DE4F8CEB-C65D-409F-87CB-D633ABE51C48}.Release|Any CPU.ActiveCfg = Release|Any CPU
		{DE4F8CEB-C65D-409F-87CB-D633ABE51C48}.Release|Any CPU.Build.0 = Release|Any CPU
		{082DD86B-FAFE-416C-ACF2-44F30618617A}.Debug|Any CPU.ActiveCfg = Debug|Any CPU
		{082DD86B-FAFE-416C-ACF2-44F30618617A}.Debug|Any CPU.Build.0 = Debug|Any CPU
		{082DD86B-FAFE-416C-ACF2-44F30618617A}.Release|Any CPU.ActiveCfg = Release|Any CPU
		{082DD86B-FAFE-416C-ACF2-44F30618617A}.Release|Any CPU.Build.0 = Release|Any CPU
		{C82E0F25-C05B-4F8E-B0E3-BDF58C8831B7}.Debug|Any CPU.ActiveCfg = Debug|Any CPU
		{C82E0F25-C05B-4F8E-B0E3-BDF58C8831B7}.Debug|Any CPU.Build.0 = Debug|Any CPU
		{C82E0F25-C05B-4F8E-B0E3-BDF58C8831B7}.Release|Any CPU.ActiveCfg = Release|Any CPU
		{C82E0F25-C05B-4F8E-B0E3-BDF58C8831B7}.Release|Any CPU.Build.0 = Release|Any CPU
	EndGlobalSection
	GlobalSection(SolutionProperties) = preSolution
		HideSolutionNode = FALSE
	EndGlobalSection
	GlobalSection(NestedProjects) = preSolution
		{C31D0A64-7918-4F18-8462-67CCF134E618} = {1D2009C1-552E-4DFF-A1DE-B5F9C2F35617}
		{7A7864B1-45C6-4A29-800F-068E8CC5CE00} = {C31D0A64-7918-4F18-8462-67CCF134E618}
		{711A7743-2725-4CB2-986F-019337390EFE} = {1D2009C1-552E-4DFF-A1DE-B5F9C2F35617}
		{67685121-9310-4DF5-9100-217C565FDD34} = {711A7743-2725-4CB2-986F-019337390EFE}
		{808C93B0-FEDF-41D8-B0F1-DB728321C3AE} = {1D2009C1-552E-4DFF-A1DE-B5F9C2F35617}
		{4FA3949F-5216-4B4B-99DF-4DB54C09F83A} = {808C93B0-FEDF-41D8-B0F1-DB728321C3AE}
		{12D02015-9617-4D2B-AE5C-79956B513B32} = {808C93B0-FEDF-41D8-B0F1-DB728321C3AE}
		{7E35BB44-8901-4265-A678-2AE195525076} = {1D2009C1-552E-4DFF-A1DE-B5F9C2F35617}
		{04D939E7-1F61-43B7-B8AE-0BBBB8A49423} = {7E35BB44-8901-4265-A678-2AE195525076}
		{CC531E84-38C3-40EC-8349-A86F0AF430B5} = {7E35BB44-8901-4265-A678-2AE195525076}
		{8B428812-1823-45FD-A772-B42907907183} = {7E35BB44-8901-4265-A678-2AE195525076}
		{DE4F8CEB-C65D-409F-87CB-D633ABE51C48} = {85D4D8F6-9D79-49EE-92FA-5DB9E0A20EE9}
		{082DD86B-FAFE-416C-ACF2-44F30618617A} = {7E35BB44-8901-4265-A678-2AE195525076}
		{C82E0F25-C05B-4F8E-B0E3-BDF58C8831B7} = {CBEA767B-085B-4237-8CBA-F89521ADA750}
	EndGlobalSection
	GlobalSection(ExtensibilityGlobals) = postSolution
		SolutionGuid = {A665251F-612C-4D6A-B087-E7D5691C7C3B}
	EndGlobalSection
EndGlobal
